{
  "nodes": {
    "home-manager": {
      "inputs": {
        "nixpkgs": [
          "nixpkgs"
        ]
      },
      "locked": {
        "lastModified": 1758463745,
        "narHash": "sha256-uhzsV0Q0I9j2y/rfweWeGif5AWe0MGrgZ/3TjpDYdGA=",
        "owner": "nix-community",
        "repo": "home-manager",
        "rev": "3b955f5f0a942f9f60cdc9cacb7844335d0f21c3",
        "type": "github"
      },
      "original": {
        "owner": "nix-community",
        "ref": "release-25.05",
        "repo": "home-manager",
        "type": "github"
      }
    },
    "neovim-nix": {
      "inputs": {
        "nixCats": "nixCats",
        "nixpkgs": "nixpkgs"
      },
      "locked": {
        "lastModified": 1762198286,
        "narHash": "sha256-SDy1xeJlvQ1oM1KcOaxLXs0GTBiuZXSVVe6pqbaED2s=",
        "owner": "cdecoux",
        "repo": "neovim-nix",
        "rev": "d252446540d201ef68d003c4970913401a32f90f",
        "type": "github"
      },
      "original": {
        "owner": "cdecoux",
        "repo": "neovim-nix",
        "type": "github"
      }
    },
    "nixCats": {
      "locked": {
        "lastModified": 1761732732,
        "narHash": "sha256-AP3KzTaFXFLjWWXysSnVTXUaGuC3hkUQZSlxUdGsLSs=",
        "owner": "BirdeeHub",
        "repo": "nixCats-nvim",
        "rev": "6307455a6ccceadb9f873fc51d4cf7cd39bdace5",
        "type": "github"
      },
      "original": {
        "owner": "BirdeeHub",
        "repo": "nixCats-nvim",
        "type": "github"
      }
    },
    "nixpkgs": {
      "locked": {
        "lastModified": 1761880412,
        "narHash": "sha256-QoJjGd4NstnyOG4mm4KXF+weBzA2AH/7gn1Pmpfcb0A=",
        "owner": "nixos",
        "repo": "nixpkgs",
        "rev": "a7fc11be66bdfb5cdde611ee5ce381c183da8386",
        "type": "github"
      },
      "original": {
        "owner": "nixos",
        "ref": "nixpkgs-unstable",
        "repo": "nixpkgs",
        "type": "github"
      }
    },
    "nixpkgs_2": {
      "locked": {
        "lastModified": 1761999846,
        "narHash": "sha256-IYlYnp4O4dzEpL77BD/lj5NnJy2J8qbHkNSFiPBCbqo=",
        "owner": "NixOS",
        "repo": "nixpkgs",
        "rev": "3de8f8d73e35724bf9abef41f1bdbedda1e14a31",
        "type": "github"
      },
      "original": {
        "owner": "NixOS",
        "ref": "nixos-25.05",
        "repo": "nixpkgs",
        "type": "github"
      }
    },
    "root": {
      "inputs": {
        "home-manager": "home-manager",
        "neovim-nix": "neovim-nix",
        "nixpkgs": "nixpkgs_2"
      }
    }
  },
  "root": "root",
  "version": 7
}
